# @generated by Move, please check-in and do not edit manually.

[move]
version = 3
manifest_digest = "67F6229F961D3782E50724646B2697062B65F3B128BC45FB94C61C82E337D180"
deps_digest = "F8BBB0CCB2491CA29A3DF03D6F92277A4F3574266507ACD77214D37ECA3F3082"
dependencies = [
  { id = "Sui", name = "Sui" },
]

[[move.package]]
id = "MoveStdlib"
source = { git = "https://github.com/MystenLabs/sui.git", rev = "main", subdir = "crates/sui-framework/packages/move-stdlib" }

[[move.package]]
id = "Sui"
source = { git = "https://github.com/MystenLabs/sui.git", rev = "main", subdir = "crates/sui-framework/packages/sui-framework" }

dependencies = [
  { id = "MoveStdlib", name = "MoveStdlib" },
]

[move.toolchain-version]
compiler-version = "1.62.0"
edition = "2024"
flavor = "sui"

[env]

[env.testnet]
chain-id = "4c78adac"
original-published-id = "0xb988f592956d7d8e271cfde57aa909e62380f7bec9b7cf2641d522d9002fa4b9"
latest-published-id = "0xb988f592956d7d8e271cfde57aa909e62380f7bec9b7cf2641d522d9002fa4b9"
published-version = "1"
